
Microsoft Visual Studio Solution File, Format Version 12.00
Project("{FAE04EC0-301F-11D3-BF4B-00C04F79EFBC}") = "ContosoUniversityTest", "ContosoUniversityTest\ContosoUniversityTest.csproj", "{5A92E7B5-A220-42D5-B4B5-2F0D7654433C}"
EndProject
Project("{FAE04EC0-301F-11D3-BF4B-00C04F79EFBC}") = "ContosoUniversity", "Contoso-University\ContosoUniversity.csproj", "{F03FA176-6A1E-4908-A33D-0C9FB63C3674}"
EndProject
Project("{FAE04EC0-301F-11D3-BF4B-00C04F79EFBC}") = "RestRes", "RestRes\RestRes.csproj", "{16BC06CA-8CE0-4F01-BB73-88AEB823F9BF}"
EndProject
Global
	GlobalSection(SolutionConfigurationPlatforms) = preSolution
		Debug|Any CPU = Debug|Any CPU
		Release|Any CPU = Release|Any CPU
	EndGlobalSection
	GlobalSection(ProjectConfigurationPlatforms) = postSolution
		{5A92E7B5-A220-42D5-B4B5-2F0D7654433C}.Debug|Any CPU.ActiveCfg = Debug|Any CPU
		{5A92E7B5-A220-42D5-B4B5-2F0D7654433C}.Debug|Any CPU.Build.0 = Debug|Any CPU
		{5A92E7B5-A220-42D5-B4B5-2F0D7654433C}.Release|Any CPU.ActiveCfg = Release|Any CPU
		{5A92E7B5-A220-42D5-B4B5-2F0D7654433C}.Release|Any CPU.Build.0 = Release|Any CPU
		{F03FA176-6A1E-4908-A33D-0C9FB63C3674}.Debug|Any CPU.ActiveCfg = Debug|Any CPU
		{F03FA176-6A1E-4908-A33D-0C9FB63C3674}.Debug|Any CPU.Build.0 = Debug|Any CPU
		{F03FA176-6A1E-4908-A33D-0C9FB63C3674}.Release|Any CPU.ActiveCfg = Release|Any CPU
		{F03FA176-6A1E-4908-A33D-0C9FB63C3674}.Release|Any CPU.Build.0 = Release|Any CPU
		{16BC06CA-8CE0-4F01-BB73-88AEB823F9BF}.Debug|Any CPU.ActiveCfg = Debug|Any CPU
		{16BC06CA-8CE0-4F01-BB73-88AEB823F9BF}.Debug|Any CPU.Build.0 = Debug|Any CPU
		{16BC06CA-8CE0-4F01-BB73-88AEB823F9BF}.Release|Any CPU.ActiveCfg = Release|Any CPU
		{16BC06CA-8CE0-4F01-BB73-88AEB823F9BF}.Release|Any CPU.Build.0 = Release|Any CPU
	EndGlobalSection
EndGlobal
